// !$*UTF8*$!
{
	archiveVersion = 1;
	classes = {
	};
	objectVersion = 46;
	objects = {

/* Begin PBXBuildFile section */
		0578973A18F487A300C513C5 /* Event.m in Sources */ = {isa = PBXBuildFile; fileRef = 0578973918F487A300C513C5 /* Event.m */; };
		0589F2B018F4561200D02D78 /* Event+Methods.m in Sources */ = {isa = PBXBuildFile; fileRef = 0589F2AF18F4561200D02D78 /* Event+Methods.m */; };
		0589F2B118F45BDB00D02D78 /* Visitor.m in Sources */ = {isa = PBXBuildFile; fileRef = 05EA536218F450A800948310 /* Visitor.m */; };
		0589F2B418F45D7700D02D78 /* EventsTableViewController.m in Sources */ = {isa = PBXBuildFile; fileRef = 0589F2B318F45D7700D02D78 /* EventsTableViewController.m */; };
		05EA535018F44BB100948310 /* CoreData.framework in Frameworks */ = {isa = PBXBuildFile; fileRef = 05EA534F18F44BB100948310 /* CoreData.framework */; };
		05EA535318F44BE300948310 /* ShortPath.xcdatamodeld in Sources */ = {isa = PBXBuildFile; fileRef = 05EA535118F44BE300948310 /* ShortPath.xcdatamodeld */; };
		05EA535718F44F2300948310 /* ShortPathDataStore.m in Sources */ = {isa = PBXBuildFile; fileRef = 05EA535618F44F2300948310 /* ShortPathDataStore.m */; };
		2502C8C118EF5AE600329B9F /* VisitorsVC.m in Sources */ = {isa = PBXBuildFile; fileRef = 2502C8C018EF5AE600329B9F /* VisitorsVC.m */; };
		2502C8C918EFC3F500329B9F /* AddNewVisitorVC.m in Sources */ = {isa = PBXBuildFile; fileRef = 2502C8C818EFC3F500329B9F /* AddNewVisitorVC.m */; };
		25127EA118F5FAB7008BB7C1 /* AddNewEventVC.m in Sources */ = {isa = PBXBuildFile; fileRef = 25127EA018F5FAB7008BB7C1 /* AddNewEventVC.m */; };
		2E02FAE018EB406200FF5770 /* OFL.txt in Resources */ = {isa = PBXBuildFile; fileRef = 2E02FADC18EB406200FF5770 /* OFL.txt */; };
		2E02FAE118EB406200FF5770 /* Oswald-Bold.ttf in Resources */ = {isa = PBXBuildFile; fileRef = 2E02FADD18EB406200FF5770 /* Oswald-Bold.ttf */; };
		2E02FAE218EB406200FF5770 /* Oswald-Light.ttf in Resources */ = {isa = PBXBuildFile; fileRef = 2E02FADE18EB406200FF5770 /* Oswald-Light.ttf */; };
		2E02FAE318EB406200FF5770 /* Oswald-Regular.ttf in Resources */ = {isa = PBXBuildFile; fileRef = 2E02FADF18EB406200FF5770 /* Oswald-Regular.ttf */; };
		2E3B257A18EB0F780090336C /* Foundation.framework in Frameworks */ = {isa = PBXBuildFile; fileRef = 2E3B257918EB0F780090336C /* Foundation.framework */; };
		2E3B257C18EB0F780090336C /* CoreGraphics.framework in Frameworks */ = {isa = PBXBuildFile; fileRef = 2E3B257B18EB0F780090336C /* CoreGraphics.framework */; };
		2E3B257E18EB0F780090336C /* UIKit.framework in Frameworks */ = {isa = PBXBuildFile; fileRef = 2E3B257D18EB0F780090336C /* UIKit.framework */; };
		2E3B258418EB0F780090336C /* InfoPlist.strings in Resources */ = {isa = PBXBuildFile; fileRef = 2E3B258218EB0F780090336C /* InfoPlist.strings */; };
		2E3B258618EB0F780090336C /* main.m in Sources */ = {isa = PBXBuildFile; fileRef = 2E3B258518EB0F780090336C /* main.m */; };
		2E3B258A18EB0F780090336C /* FISAppDelegate.m in Sources */ = {isa = PBXBuildFile; fileRef = 2E3B258918EB0F780090336C /* FISAppDelegate.m */; };
		2E3B258D18EB0F780090336C /* Main.storyboard in Resources */ = {isa = PBXBuildFile; fileRef = 2E3B258B18EB0F780090336C /* Main.storyboard */; };
		2E3B259018EB0F780090336C /* FISViewController.m in Sources */ = {isa = PBXBuildFile; fileRef = 2E3B258F18EB0F780090336C /* FISViewController.m */; };
		2E3B259218EB0F780090336C /* Images.xcassets in Resources */ = {isa = PBXBuildFile; fileRef = 2E3B259118EB0F780090336C /* Images.xcassets */; };
		2E3B259918EB0F780090336C /* XCTest.framework in Frameworks */ = {isa = PBXBuildFile; fileRef = 2E3B259818EB0F780090336C /* XCTest.framework */; };
		2E3B259A18EB0F780090336C /* Foundation.framework in Frameworks */ = {isa = PBXBuildFile; fileRef = 2E3B257918EB0F780090336C /* Foundation.framework */; };
		2E3B259B18EB0F780090336C /* UIKit.framework in Frameworks */ = {isa = PBXBuildFile; fileRef = 2E3B257D18EB0F780090336C /* UIKit.framework */; };
		2E3B25A318EB0F780090336C /* InfoPlist.strings in Resources */ = {isa = PBXBuildFile; fileRef = 2E3B25A118EB0F780090336C /* InfoPlist.strings */; };
		2E3B25A518EB0F780090336C /* ShortPathTests.m in Sources */ = {isa = PBXBuildFile; fileRef = 2E3B25A418EB0F780090336C /* ShortPathTests.m */; };
		2E3B25AF18EB15F30090336C /* logo (2).png in Resources */ = {isa = PBXBuildFile; fileRef = 2E3B25AE18EB15F30090336C /* logo (2).png */; };
		2E3B25B818EB1BEB0090336C /* shapes.png in Resources */ = {isa = PBXBuildFile; fileRef = 2E3B25B718EB1BEB0090336C /* shapes.png */; };
		2E3B25BA18EB1ECF0090336C /* low_contrast_linen_@2X.png in Resources */ = {isa = PBXBuildFile; fileRef = 2E3B25B918EB1ECF0090336C /* low_contrast_linen_@2X.png */; };
		2E5FB06818EE0936004CE912 /* FISTabBarControllerViewController.m in Sources */ = {isa = PBXBuildFile; fileRef = 2E5FB06718EE0936004CE912 /* FISTabBarControllerViewController.m */; };
		2EDC906B18EDA473003EB2A4 /* AudioToolbox.framework in Frameworks */ = {isa = PBXBuildFile; fileRef = 2EDC906A18EDA472003EB2A4 /* AudioToolbox.framework */; };
		4531B01E18EF51C700DA0CD4 /* CalendarContainerViewController.m in Sources */ = {isa = PBXBuildFile; fileRef = 4531B01D18EF51C700DA0CD4 /* CalendarContainerViewController.m */; };
		4546B9D118EC563600388603 /* CalendarViewController.m in Sources */ = {isa = PBXBuildFile; fileRef = 4546B9D018EC563600388603 /* CalendarViewController.m */; };
		4546B9D418EC565A00388603 /* SettingsTableViewController.m in Sources */ = {isa = PBXBuildFile; fileRef = 4546B9D318EC565A00388603 /* SettingsTableViewController.m */; };
		45B136D918F70BD400A3302E /* EventDetailTableViewController.m in Sources */ = {isa = PBXBuildFile; fileRef = 45B136D818F70BD400A3302E /* EventDetailTableViewController.m */; };
		45B136DC18F70BF900A3302E /* EventInviteesTableViewController.m in Sources */ = {isa = PBXBuildFile; fileRef = 45B136DB18F70BF900A3302E /* EventInviteesTableViewController.m */; };
		45B136DF18F70F9400A3302E /* CreateEventForExistingVisitorTVC.m in Sources */ = {isa = PBXBuildFile; fileRef = 45B136DE18F70F9400A3302E /* CreateEventForExistingVisitorTVC.m */; };
		45B136E218F7109C00A3302E /* CreateEventForNewVisitorTVC.m in Sources */ = {isa = PBXBuildFile; fileRef = 45B136E118F7109C00A3302E /* CreateEventForNewVisitorTVC.m */; };
		9850B75C9CB04B5FB8E4FC7A /* libPods.a in Frameworks */ = {isa = PBXBuildFile; fileRef = 01787EEBDFC44B7EB2652066 /* libPods.a */; };
/* End PBXBuildFile section */

/* Begin PBXContainerItemProxy section */
		2E3B259C18EB0F780090336C /* PBXContainerItemProxy */ = {
			isa = PBXContainerItemProxy;
			containerPortal = 2E3B256E18EB0F780090336C /* Project object */;
			proxyType = 1;
			remoteGlobalIDString = 2E3B257518EB0F780090336C;
			remoteInfo = ShortPath;
		};
/* End PBXContainerItemProxy section */

/* Begin PBXFileReference section */
		0073ECE0EDAC4C3C8FB7BE0B /* Pods.xcconfig */ = {isa = PBXFileReference; includeInIndex = 1; lastKnownFileType = text.xcconfig; name = Pods.xcconfig; path = Pods/Pods.xcconfig; sourceTree = "<group>"; };
		01787EEBDFC44B7EB2652066 /* libPods.a */ = {isa = PBXFileReference; explicitFileType = archive.ar; includeInIndex = 0; path = libPods.a; sourceTree = BUILT_PRODUCTS_DIR; };
		0578973818F487A300C513C5 /* Event.h */ = {isa = PBXFileReference; fileEncoding = 4; lastKnownFileType = sourcecode.c.h; path = Event.h; sourceTree = "<group>"; };
		0578973918F487A300C513C5 /* Event.m */ = {isa = PBXFileReference; fileEncoding = 4; lastKnownFileType = sourcecode.c.objc; path = Event.m; sourceTree = "<group>"; };
		0589F2AE18F4561200D02D78 /* Event+Methods.h */ = {isa = PBXFileReference; fileEncoding = 4; lastKnownFileType = sourcecode.c.h; path = "Event+Methods.h"; sourceTree = "<group>"; };
		0589F2AF18F4561200D02D78 /* Event+Methods.m */ = {isa = PBXFileReference; fileEncoding = 4; lastKnownFileType = sourcecode.c.objc; path = "Event+Methods.m"; sourceTree = "<group>"; };
		0589F2B218F45D7700D02D78 /* EventsTableViewController.h */ = {isa = PBXFileReference; fileEncoding = 4; lastKnownFileType = sourcecode.c.h; path = EventsTableViewController.h; sourceTree = "<group>"; };
		0589F2B318F45D7700D02D78 /* EventsTableViewController.m */ = {isa = PBXFileReference; fileEncoding = 4; lastKnownFileType = sourcecode.c.objc; path = EventsTableViewController.m; sourceTree = "<group>"; };
		05EA534F18F44BB100948310 /* CoreData.framework */ = {isa = PBXFileReference; lastKnownFileType = wrapper.framework; name = CoreData.framework; path = System/Library/Frameworks/CoreData.framework; sourceTree = SDKROOT; };
		05EA535218F44BE300948310 /* ShortPath.xcdatamodel */ = {isa = PBXFileReference; lastKnownFileType = wrapper.xcdatamodel; path = ShortPath.xcdatamodel; sourceTree = "<group>"; };
		05EA535518F44F2300948310 /* ShortPathDataStore.h */ = {isa = PBXFileReference; fileEncoding = 4; lastKnownFileType = sourcecode.c.h; path = ShortPathDataStore.h; sourceTree = "<group>"; };
		05EA535618F44F2300948310 /* ShortPathDataStore.m */ = {isa = PBXFileReference; fileEncoding = 4; lastKnownFileType = sourcecode.c.objc; path = ShortPathDataStore.m; sourceTree = "<group>"; };
		05EA536118F450A800948310 /* Visitor.h */ = {isa = PBXFileReference; fileEncoding = 4; lastKnownFileType = sourcecode.c.h; path = Visitor.h; sourceTree = "<group>"; };
		05EA536218F450A800948310 /* Visitor.m */ = {isa = PBXFileReference; fileEncoding = 4; lastKnownFileType = sourcecode.c.objc; path = Visitor.m; sourceTree = "<group>"; };
		2502C8BF18EF5AE600329B9F /* VisitorsVC.h */ = {isa = PBXFileReference; fileEncoding = 4; lastKnownFileType = sourcecode.c.h; path = VisitorsVC.h; sourceTree = "<group>"; };
		2502C8C018EF5AE600329B9F /* VisitorsVC.m */ = {isa = PBXFileReference; fileEncoding = 4; lastKnownFileType = sourcecode.c.objc; path = VisitorsVC.m; sourceTree = "<group>"; };
		2502C8C718EFC3F500329B9F /* AddNewVisitorVC.h */ = {isa = PBXFileReference; fileEncoding = 4; lastKnownFileType = sourcecode.c.h; path = AddNewVisitorVC.h; sourceTree = "<group>"; };
		2502C8C818EFC3F500329B9F /* AddNewVisitorVC.m */ = {isa = PBXFileReference; fileEncoding = 4; lastKnownFileType = sourcecode.c.objc; path = AddNewVisitorVC.m; sourceTree = "<group>"; };
		25127E9F18F5FAB7008BB7C1 /* AddNewEventVC.h */ = {isa = PBXFileReference; fileEncoding = 4; lastKnownFileType = sourcecode.c.h; path = AddNewEventVC.h; sourceTree = "<group>"; };
		25127EA018F5FAB7008BB7C1 /* AddNewEventVC.m */ = {isa = PBXFileReference; fileEncoding = 4; lastKnownFileType = sourcecode.c.objc; path = AddNewEventVC.m; sourceTree = "<group>"; };
		2E02FADC18EB406200FF5770 /* OFL.txt */ = {isa = PBXFileReference; fileEncoding = 4; lastKnownFileType = text; path = OFL.txt; sourceTree = "<group>"; };
		2E02FADD18EB406200FF5770 /* Oswald-Bold.ttf */ = {isa = PBXFileReference; lastKnownFileType = file; path = "Oswald-Bold.ttf"; sourceTree = "<group>"; };
		2E02FADE18EB406200FF5770 /* Oswald-Light.ttf */ = {isa = PBXFileReference; lastKnownFileType = file; path = "Oswald-Light.ttf"; sourceTree = "<group>"; };
		2E02FADF18EB406200FF5770 /* Oswald-Regular.ttf */ = {isa = PBXFileReference; lastKnownFileType = file; path = "Oswald-Regular.ttf"; sourceTree = "<group>"; };
		2E3B257618EB0F780090336C /* ShortPath.app */ = {isa = PBXFileReference; explicitFileType = wrapper.application; includeInIndex = 0; path = ShortPath.app; sourceTree = BUILT_PRODUCTS_DIR; };
		2E3B257918EB0F780090336C /* Foundation.framework */ = {isa = PBXFileReference; lastKnownFileType = wrapper.framework; name = Foundation.framework; path = System/Library/Frameworks/Foundation.framework; sourceTree = SDKROOT; };
		2E3B257B18EB0F780090336C /* CoreGraphics.framework */ = {isa = PBXFileReference; lastKnownFileType = wrapper.framework; name = CoreGraphics.framework; path = System/Library/Frameworks/CoreGraphics.framework; sourceTree = SDKROOT; };
		2E3B257D18EB0F780090336C /* UIKit.framework */ = {isa = PBXFileReference; lastKnownFileType = wrapper.framework; name = UIKit.framework; path = System/Library/Frameworks/UIKit.framework; sourceTree = SDKROOT; };
		2E3B258118EB0F780090336C /* ShortPath-Info.plist */ = {isa = PBXFileReference; lastKnownFileType = text.plist.xml; path = "ShortPath-Info.plist"; sourceTree = "<group>"; };
		2E3B258318EB0F780090336C /* en */ = {isa = PBXFileReference; lastKnownFileType = text.plist.strings; name = en; path = en.lproj/InfoPlist.strings; sourceTree = "<group>"; };
		2E3B258518EB0F780090336C /* main.m */ = {isa = PBXFileReference; lastKnownFileType = sourcecode.c.objc; path = main.m; sourceTree = "<group>"; };
		2E3B258718EB0F780090336C /* ShortPath-Prefix.pch */ = {isa = PBXFileReference; lastKnownFileType = sourcecode.c.h; path = "ShortPath-Prefix.pch"; sourceTree = "<group>"; };
		2E3B258818EB0F780090336C /* FISAppDelegate.h */ = {isa = PBXFileReference; lastKnownFileType = sourcecode.c.h; path = FISAppDelegate.h; sourceTree = "<group>"; };
		2E3B258918EB0F780090336C /* FISAppDelegate.m */ = {isa = PBXFileReference; lastKnownFileType = sourcecode.c.objc; path = FISAppDelegate.m; sourceTree = "<group>"; };
		2E3B258C18EB0F780090336C /* Base */ = {isa = PBXFileReference; lastKnownFileType = file.storyboard; name = Base; path = Base.lproj/Main.storyboard; sourceTree = "<group>"; };
		2E3B258E18EB0F780090336C /* FISViewController.h */ = {isa = PBXFileReference; lastKnownFileType = sourcecode.c.h; path = FISViewController.h; sourceTree = "<group>"; };
		2E3B258F18EB0F780090336C /* FISViewController.m */ = {isa = PBXFileReference; lastKnownFileType = sourcecode.c.objc; path = FISViewController.m; sourceTree = "<group>"; };
		2E3B259118EB0F780090336C /* Images.xcassets */ = {isa = PBXFileReference; lastKnownFileType = folder.assetcatalog; name = Images.xcassets; path = ShortPath/Images.xcassets; sourceTree = "<group>"; };
		2E3B259718EB0F780090336C /* ShortPathTests.xctest */ = {isa = PBXFileReference; explicitFileType = wrapper.cfbundle; includeInIndex = 0; path = ShortPathTests.xctest; sourceTree = BUILT_PRODUCTS_DIR; };
		2E3B259818EB0F780090336C /* XCTest.framework */ = {isa = PBXFileReference; lastKnownFileType = wrapper.framework; name = XCTest.framework; path = Library/Frameworks/XCTest.framework; sourceTree = DEVELOPER_DIR; };
		2E3B25A018EB0F780090336C /* ShortPathTests-Info.plist */ = {isa = PBXFileReference; lastKnownFileType = text.plist.xml; path = "ShortPathTests-Info.plist"; sourceTree = "<group>"; };
		2E3B25A218EB0F780090336C /* en */ = {isa = PBXFileReference; lastKnownFileType = text.plist.strings; name = en; path = en.lproj/InfoPlist.strings; sourceTree = "<group>"; };
		2E3B25A418EB0F780090336C /* ShortPathTests.m */ = {isa = PBXFileReference; lastKnownFileType = sourcecode.c.objc; path = ShortPathTests.m; sourceTree = "<group>"; };
		2E3B25AE18EB15F30090336C /* logo (2).png */ = {isa = PBXFileReference; lastKnownFileType = image.png; name = "logo (2).png"; path = "ShortPath/logo (2).png"; sourceTree = "<group>"; };
		2E3B25B718EB1BEB0090336C /* shapes.png */ = {isa = PBXFileReference; lastKnownFileType = image.png; name = shapes.png; path = ShortPath/shapes.png; sourceTree = "<group>"; };
		2E3B25B918EB1ECF0090336C /* low_contrast_linen_@2X.png */ = {isa = PBXFileReference; lastKnownFileType = image.png; name = "low_contrast_linen_@2X.png"; path = "ShortPath/low_contrast_linen_@2X.png"; sourceTree = "<group>"; };
		2E5FB06618EE0936004CE912 /* FISTabBarControllerViewController.h */ = {isa = PBXFileReference; fileEncoding = 4; lastKnownFileType = sourcecode.c.h; path = FISTabBarControllerViewController.h; sourceTree = "<group>"; };
		2E5FB06718EE0936004CE912 /* FISTabBarControllerViewController.m */ = {isa = PBXFileReference; fileEncoding = 4; lastKnownFileType = sourcecode.c.objc; path = FISTabBarControllerViewController.m; sourceTree = "<group>"; };
		2EDC906A18EDA472003EB2A4 /* AudioToolbox.framework */ = {isa = PBXFileReference; lastKnownFileType = wrapper.framework; name = AudioToolbox.framework; path = System/Library/Frameworks/AudioToolbox.framework; sourceTree = SDKROOT; };
		4531B01C18EF51C700DA0CD4 /* CalendarContainerViewController.h */ = {isa = PBXFileReference; fileEncoding = 4; lastKnownFileType = sourcecode.c.h; path = CalendarContainerViewController.h; sourceTree = "<group>"; };
		4531B01D18EF51C700DA0CD4 /* CalendarContainerViewController.m */ = {isa = PBXFileReference; fileEncoding = 4; lastKnownFileType = sourcecode.c.objc; path = CalendarContainerViewController.m; sourceTree = "<group>"; };
		4546B9CF18EC563600388603 /* CalendarViewController.h */ = {isa = PBXFileReference; fileEncoding = 4; lastKnownFileType = sourcecode.c.h; path = CalendarViewController.h; sourceTree = "<group>"; };
		4546B9D018EC563600388603 /* CalendarViewController.m */ = {isa = PBXFileReference; fileEncoding = 4; lastKnownFileType = sourcecode.c.objc; path = CalendarViewController.m; sourceTree = "<group>"; };
		4546B9D218EC565A00388603 /* SettingsTableViewController.h */ = {isa = PBXFileReference; fileEncoding = 4; lastKnownFileType = sourcecode.c.h; path = SettingsTableViewController.h; sourceTree = "<group>"; };
		4546B9D318EC565A00388603 /* SettingsTableViewController.m */ = {isa = PBXFileReference; fileEncoding = 4; lastKnownFileType = sourcecode.c.objc; path = SettingsTableViewController.m; sourceTree = "<group>"; };
		45B136D718F70BD400A3302E /* EventDetailTableViewController.h */ = {isa = PBXFileReference; fileEncoding = 4; lastKnownFileType = sourcecode.c.h; path = EventDetailTableViewController.h; sourceTree = "<group>"; };
		45B136D818F70BD400A3302E /* EventDetailTableViewController.m */ = {isa = PBXFileReference; fileEncoding = 4; lastKnownFileType = sourcecode.c.objc; path = EventDetailTableViewController.m; sourceTree = "<group>"; };
		45B136DA18F70BF900A3302E /* EventInviteesTableViewController.h */ = {isa = PBXFileReference; fileEncoding = 4; lastKnownFileType = sourcecode.c.h; path = EventInviteesTableViewController.h; sourceTree = "<group>"; };
		45B136DB18F70BF900A3302E /* EventInviteesTableViewController.m */ = {isa = PBXFileReference; fileEncoding = 4; lastKnownFileType = sourcecode.c.objc; path = EventInviteesTableViewController.m; sourceTree = "<group>"; };
		45B136DD18F70F9400A3302E /* CreateEventForExistingVisitorTVC.h */ = {isa = PBXFileReference; fileEncoding = 4; lastKnownFileType = sourcecode.c.h; path = CreateEventForExistingVisitorTVC.h; sourceTree = "<group>"; };
		45B136DE18F70F9400A3302E /* CreateEventForExistingVisitorTVC.m */ = {isa = PBXFileReference; fileEncoding = 4; lastKnownFileType = sourcecode.c.objc; path = CreateEventForExistingVisitorTVC.m; sourceTree = "<group>"; };
		45B136E018F7109C00A3302E /* CreateEventForNewVisitorTVC.h */ = {isa = PBXFileReference; fileEncoding = 4; lastKnownFileType = sourcecode.c.h; path = CreateEventForNewVisitorTVC.h; sourceTree = "<group>"; };
		45B136E118F7109C00A3302E /* CreateEventForNewVisitorTVC.m */ = {isa = PBXFileReference; fileEncoding = 4; lastKnownFileType = sourcecode.c.objc; path = CreateEventForNewVisitorTVC.m; sourceTree = "<group>"; };
/* End PBXFileReference section */

/* Begin PBXFrameworksBuildPhase section */
		2E3B257318EB0F780090336C /* Frameworks */ = {
			isa = PBXFrameworksBuildPhase;
			buildActionMask = 2147483647;
			files = (
				05EA535018F44BB100948310 /* CoreData.framework in Frameworks */,
				2EDC906B18EDA473003EB2A4 /* AudioToolbox.framework in Frameworks */,
				2E3B257C18EB0F780090336C /* CoreGraphics.framework in Frameworks */,
				2E3B257E18EB0F780090336C /* UIKit.framework in Frameworks */,
				2E3B257A18EB0F780090336C /* Foundation.framework in Frameworks */,
				9850B75C9CB04B5FB8E4FC7A /* libPods.a in Frameworks */,
			);
			runOnlyForDeploymentPostprocessing = 0;
		};
		2E3B259418EB0F780090336C /* Frameworks */ = {
			isa = PBXFrameworksBuildPhase;
			buildActionMask = 2147483647;
			files = (
				2E3B259918EB0F780090336C /* XCTest.framework in Frameworks */,
				2E3B259B18EB0F780090336C /* UIKit.framework in Frameworks */,
				2E3B259A18EB0F780090336C /* Foundation.framework in Frameworks */,
			);
			runOnlyForDeploymentPostprocessing = 0;
		};
/* End PBXFrameworksBuildPhase section */

/* Begin PBXGroup section */
		05EA535418F44BFC00948310 /* Model */ = {
			isa = PBXGroup;
			children = (
				05EA535118F44BE300948310 /* ShortPath.xcdatamodeld */,
				0578973818F487A300C513C5 /* Event.h */,
				0578973918F487A300C513C5 /* Event.m */,
				05EA536118F450A800948310 /* Visitor.h */,
				05EA536218F450A800948310 /* Visitor.m */,
				0589F2AE18F4561200D02D78 /* Event+Methods.h */,
				0589F2AF18F4561200D02D78 /* Event+Methods.m */,
				05EA535518F44F2300948310 /* ShortPathDataStore.h */,
				05EA535618F44F2300948310 /* ShortPathDataStore.m */,
			);
			name = Model;
			sourceTree = "<group>";
		};
		2E02FADB18EB406200FF5770 /* Oswald */ = {
			isa = PBXGroup;
			children = (
				2E02FADC18EB406200FF5770 /* OFL.txt */,
				2E02FADD18EB406200FF5770 /* Oswald-Bold.ttf */,
				2E02FADE18EB406200FF5770 /* Oswald-Light.ttf */,
				2E02FADF18EB406200FF5770 /* Oswald-Regular.ttf */,
			);
			path = Oswald;
			sourceTree = "<group>";
		};
		2E3B256D18EB0F780090336C = {
			isa = PBXGroup;
			children = (
				05EA535418F44BFC00948310 /* Model */,
				2E3B257F18EB0F780090336C /* ShortPath */,
				2E3B259E18EB0F780090336C /* ShortPathTests */,
				2E3B258018EB0F780090336C /* Supporting Files */,
				2E3B257818EB0F780090336C /* Frameworks */,
				2E3B257718EB0F780090336C /* Products */,
				0073ECE0EDAC4C3C8FB7BE0B /* Pods.xcconfig */,
				2E3B259118EB0F780090336C /* Images.xcassets */,
				2E3B25B918EB1ECF0090336C /* low_contrast_linen_@2X.png */,
				2E3B25B718EB1BEB0090336C /* shapes.png */,
				2E3B25AE18EB15F30090336C /* logo (2).png */,
			);
			sourceTree = "<group>";
		};
		2E3B257718EB0F780090336C /* Products */ = {
			isa = PBXGroup;
			children = (
				2E3B257618EB0F780090336C /* ShortPath.app */,
				2E3B259718EB0F780090336C /* ShortPathTests.xctest */,
			);
			name = Products;
			sourceTree = "<group>";
		};
		2E3B257818EB0F780090336C /* Frameworks */ = {
			isa = PBXGroup;
			children = (
				05EA534F18F44BB100948310 /* CoreData.framework */,
				2EDC906A18EDA472003EB2A4 /* AudioToolbox.framework */,
				2E3B257918EB0F780090336C /* Foundation.framework */,
				2E3B257B18EB0F780090336C /* CoreGraphics.framework */,
				2E3B257D18EB0F780090336C /* UIKit.framework */,
				2E3B259818EB0F780090336C /* XCTest.framework */,
				01787EEBDFC44B7EB2652066 /* libPods.a */,
			);
			name = Frameworks;
			sourceTree = "<group>";
		};
		2E3B257F18EB0F780090336C /* ShortPath */ = {
			isa = PBXGroup;
			children = (
				4546B9CE18EC550D00388603 /* ViewControllers */,
			);
			path = ShortPath;
			sourceTree = "<group>";
		};
		2E3B258018EB0F780090336C /* Supporting Files */ = {
			isa = PBXGroup;
			children = (
				2E02FADB18EB406200FF5770 /* Oswald */,
				2E3B258118EB0F780090336C /* ShortPath-Info.plist */,
				2E3B258218EB0F780090336C /* InfoPlist.strings */,
				2E3B258518EB0F780090336C /* main.m */,
				2E3B258718EB0F780090336C /* ShortPath-Prefix.pch */,
			);
			name = "Supporting Files";
			path = ShortPath;
			sourceTree = "<group>";
		};
		2E3B259E18EB0F780090336C /* ShortPathTests */ = {
			isa = PBXGroup;
			children = (
				2E3B25A418EB0F780090336C /* ShortPathTests.m */,
				2E3B259F18EB0F780090336C /* Supporting Files */,
			);
			path = ShortPathTests;
			sourceTree = "<group>";
		};
		2E3B259F18EB0F780090336C /* Supporting Files */ = {
			isa = PBXGroup;
			children = (
				2E3B25A018EB0F780090336C /* ShortPathTests-Info.plist */,
				2E3B25A118EB0F780090336C /* InfoPlist.strings */,
			);
			name = "Supporting Files";
			sourceTree = "<group>";
		};
		4546B9CE18EC550D00388603 /* ViewControllers */ = {
			isa = PBXGroup;
			children = (
				2E3B258818EB0F780090336C /* FISAppDelegate.h */,
				2E3B258918EB0F780090336C /* FISAppDelegate.m */,
				2E3B258B18EB0F780090336C /* Main.storyboard */,
				45B136E018F7109C00A3302E /* CreateEventForNewVisitorTVC.h */,
				45B136E118F7109C00A3302E /* CreateEventForNewVisitorTVC.m */,
				45B136DD18F70F9400A3302E /* CreateEventForExistingVisitorTVC.h */,
				45B136DE18F70F9400A3302E /* CreateEventForExistingVisitorTVC.m */,
				0589F2B218F45D7700D02D78 /* EventsTableViewController.h */,
				0589F2B318F45D7700D02D78 /* EventsTableViewController.m */,
				2E5FB06618EE0936004CE912 /* FISTabBarControllerViewController.h */,
				2E5FB06718EE0936004CE912 /* FISTabBarControllerViewController.m */,
				45B136D718F70BD400A3302E /* EventDetailTableViewController.h */,
				45B136D818F70BD400A3302E /* EventDetailTableViewController.m */,
				4546B9D218EC565A00388603 /* SettingsTableViewController.h */,
				4546B9D318EC565A00388603 /* SettingsTableViewController.m */,
				4546B9CF18EC563600388603 /* CalendarViewController.h */,
				4546B9D018EC563600388603 /* CalendarViewController.m */,
				2E3B258E18EB0F780090336C /* FISViewController.h */,
				2E3B258F18EB0F780090336C /* FISViewController.m */,
				45B136DA18F70BF900A3302E /* EventInviteesTableViewController.h */,
				45B136DB18F70BF900A3302E /* EventInviteesTableViewController.m */,
				4531B01C18EF51C700DA0CD4 /* CalendarContainerViewController.h */,
				4531B01D18EF51C700DA0CD4 /* CalendarContainerViewController.m */,
				2502C8BF18EF5AE600329B9F /* VisitorsVC.h */,
				2502C8C018EF5AE600329B9F /* VisitorsVC.m */,
				2502C8C718EFC3F500329B9F /* AddNewVisitorVC.h */,
				2502C8C818EFC3F500329B9F /* AddNewVisitorVC.m */,
				25127E9F18F5FAB7008BB7C1 /* AddNewEventVC.h */,
				25127EA018F5FAB7008BB7C1 /* AddNewEventVC.m */,
			);
			name = ViewControllers;
			sourceTree = "<group>";
		};
/* End PBXGroup section */

/* Begin PBXNativeTarget section */
		2E3B257518EB0F780090336C /* ShortPath */ = {
			isa = PBXNativeTarget;
			buildConfigurationList = 2E3B25A818EB0F780090336C /* Build configuration list for PBXNativeTarget "ShortPath" */;
			buildPhases = (
				623E75D8D9114AE0965CF622 /* Check Pods Manifest.lock */,
				2E3B257218EB0F780090336C /* Sources */,
				2E3B257318EB0F780090336C /* Frameworks */,
				2E3B257418EB0F780090336C /* Resources */,
				AE1EB31465284BD785F5FBDE /* Copy Pods Resources */,
			);
			buildRules = (
			);
			dependencies = (
			);
			name = ShortPath;
			productName = ShortPath;
			productReference = 2E3B257618EB0F780090336C /* ShortPath.app */;
			productType = "com.apple.product-type.application";
		};
		2E3B259618EB0F780090336C /* ShortPathTests */ = {
			isa = PBXNativeTarget;
			buildConfigurationList = 2E3B25AB18EB0F780090336C /* Build configuration list for PBXNativeTarget "ShortPathTests" */;
			buildPhases = (
				2E3B259318EB0F780090336C /* Sources */,
				2E3B259418EB0F780090336C /* Frameworks */,
				2E3B259518EB0F780090336C /* Resources */,
			);
			buildRules = (
			);
			dependencies = (
				2E3B259D18EB0F780090336C /* PBXTargetDependency */,
			);
			name = ShortPathTests;
			productName = ShortPathTests;
			productReference = 2E3B259718EB0F780090336C /* ShortPathTests.xctest */;
			productType = "com.apple.product-type.bundle.unit-test";
		};
/* End PBXNativeTarget section */

/* Begin PBXProject section */
		2E3B256E18EB0F780090336C /* Project object */ = {
			isa = PBXProject;
			attributes = {
				CLASSPREFIX = FIS;
				LastUpgradeCheck = 0510;
				ORGANIZATIONNAME = "Eugene Watson";
				TargetAttributes = {
					2E3B257518EB0F780090336C = {
						SystemCapabilities = {
							com.apple.BackgroundModes = {
								enabled = 0;
							};
						};
					};
					2E3B259618EB0F780090336C = {
						TestTargetID = 2E3B257518EB0F780090336C;
					};
				};
			};
			buildConfigurationList = 2E3B257118EB0F780090336C /* Build configuration list for PBXProject "ShortPath" */;
			compatibilityVersion = "Xcode 3.2";
			developmentRegion = English;
			hasScannedForEncodings = 0;
			knownRegions = (
				en,
				Base,
			);
			mainGroup = 2E3B256D18EB0F780090336C;
			productRefGroup = 2E3B257718EB0F780090336C /* Products */;
			projectDirPath = "";
			projectRoot = "";
			targets = (
				2E3B257518EB0F780090336C /* ShortPath */,
				2E3B259618EB0F780090336C /* ShortPathTests */,
			);
		};
/* End PBXProject section */

/* Begin PBXResourcesBuildPhase section */
		2E3B257418EB0F780090336C /* Resources */ = {
			isa = PBXResourcesBuildPhase;
			buildActionMask = 2147483647;
			files = (
				2E02FAE318EB406200FF5770 /* Oswald-Regular.ttf in Resources */,
				2E02FAE018EB406200FF5770 /* OFL.txt in Resources */,
				2E02FAE118EB406200FF5770 /* Oswald-Bold.ttf in Resources */,
				2E02FAE218EB406200FF5770 /* Oswald-Light.ttf in Resources */,
				2E3B25B818EB1BEB0090336C /* shapes.png in Resources */,
				2E3B259218EB0F780090336C /* Images.xcassets in Resources */,
				2E3B258418EB0F780090336C /* InfoPlist.strings in Resources */,
				2E3B258D18EB0F780090336C /* Main.storyboard in Resources */,
				2E3B25AF18EB15F30090336C /* logo (2).png in Resources */,
				2E3B25BA18EB1ECF0090336C /* low_contrast_linen_@2X.png in Resources */,
			);
			runOnlyForDeploymentPostprocessing = 0;
		};
		2E3B259518EB0F780090336C /* Resources */ = {
			isa = PBXResourcesBuildPhase;
			buildActionMask = 2147483647;
			files = (
				2E3B25A318EB0F780090336C /* InfoPlist.strings in Resources */,
			);
			runOnlyForDeploymentPostprocessing = 0;
		};
/* End PBXResourcesBuildPhase section */

/* Begin PBXShellScriptBuildPhase section */
		623E75D8D9114AE0965CF622 /* Check Pods Manifest.lock */ = {
			isa = PBXShellScriptBuildPhase;
			buildActionMask = 2147483647;
			files = (
			);
			inputPaths = (
			);
			name = "Check Pods Manifest.lock";
			outputPaths = (
			);
			runOnlyForDeploymentPostprocessing = 0;
			shellPath = /bin/sh;
			shellScript = "diff \"${PODS_ROOT}/../Podfile.lock\" \"${PODS_ROOT}/Manifest.lock\" > /dev/null\nif [[ $? != 0 ]] ; then\n    cat << EOM\nerror: The sandbox is not in sync with the Podfile.lock. Run 'pod install' or update your CocoaPods installation.\nEOM\n    exit 1\nfi\n";
			showEnvVarsInLog = 0;
		};
		AE1EB31465284BD785F5FBDE /* Copy Pods Resources */ = {
			isa = PBXShellScriptBuildPhase;
			buildActionMask = 2147483647;
			files = (
			);
			inputPaths = (
			);
			name = "Copy Pods Resources";
			outputPaths = (
			);
			runOnlyForDeploymentPostprocessing = 0;
			shellPath = /bin/sh;
			shellScript = "\"${SRCROOT}/Pods/Pods-resources.sh\"\n";
			showEnvVarsInLog = 0;
		};
/* End PBXShellScriptBuildPhase section */

/* Begin PBXSourcesBuildPhase section */
		2E3B257218EB0F780090336C /* Sources */ = {
			isa = PBXSourcesBuildPhase;
			buildActionMask = 2147483647;
			files = (
				0589F2B118F45BDB00D02D78 /* Visitor.m in Sources */,
				4531B01E18EF51C700DA0CD4 /* CalendarContainerViewController.m in Sources */,
				45B136DF18F70F9400A3302E /* CreateEventForExistingVisitorTVC.m in Sources */,
				4546B9D418EC565A00388603 /* SettingsTableViewController.m in Sources */,
				0589F2B018F4561200D02D78 /* Event+Methods.m in Sources */,
				2E3B259018EB0F780090336C /* FISViewController.m in Sources */,
				2502C8C918EFC3F500329B9F /* AddNewVisitorVC.m in Sources */,
				2502C8C118EF5AE600329B9F /* VisitorsVC.m in Sources */,
				2E3B258618EB0F780090336C /* main.m in Sources */,
				25127EA118F5FAB7008BB7C1 /* AddNewEventVC.m in Sources */,
				05EA535718F44F2300948310 /* ShortPathDataStore.m in Sources */,
				2E5FB06818EE0936004CE912 /* FISTabBarControllerViewController.m in Sources */,
				05EA535318F44BE300948310 /* ShortPath.xcdatamodeld in Sources */,
				4546B9D118EC563600388603 /* CalendarViewController.m in Sources */,
				0578973A18F487A300C513C5 /* Event.m in Sources */,
				45B136D918F70BD400A3302E /* EventDetailTableViewController.m in Sources */,
				45B136E218F7109C00A3302E /* CreateEventForNewVisitorTVC.m in Sources */,
				45B136DC18F70BF900A3302E /* EventInviteesTableViewController.m in Sources */,
				0589F2B418F45D7700D02D78 /* EventsTableViewController.m in Sources */,
				2E3B258A18EB0F780090336C /* FISAppDelegate.m in Sources */,
			);
			runOnlyForDeploymentPostprocessing = 0;
		};
		2E3B259318EB0F780090336C /* Sources */ = {
			isa = PBXSourcesBuildPhase;
			buildActionMask = 2147483647;
			files = (
				2E3B25A518EB0F780090336C /* ShortPathTests.m in Sources */,
			);
			runOnlyForDeploymentPostprocessing = 0;
		};
/* End PBXSourcesBuildPhase section */

/* Begin PBXTargetDependency section */
		2E3B259D18EB0F780090336C /* PBXTargetDependency */ = {
			isa = PBXTargetDependency;
			target = 2E3B257518EB0F780090336C /* ShortPath */;
			targetProxy = 2E3B259C18EB0F780090336C /* PBXContainerItemProxy */;
		};
/* End PBXTargetDependency section */

/* Begin PBXVariantGroup section */
		2E3B258218EB0F780090336C /* InfoPlist.strings */ = {
			isa = PBXVariantGroup;
			children = (
				2E3B258318EB0F780090336C /* en */,
			);
			name = InfoPlist.strings;
			sourceTree = "<group>";
		};
		2E3B258B18EB0F780090336C /* Main.storyboard */ = {
			isa = PBXVariantGroup;
			children = (
				2E3B258C18EB0F780090336C /* Base */,
			);
			name = Main.storyboard;
			sourceTree = "<group>";
		};
		2E3B25A118EB0F780090336C /* InfoPlist.strings */ = {
			isa = PBXVariantGroup;
			children = (
				2E3B25A218EB0F780090336C /* en */,
			);
			name = InfoPlist.strings;
			sourceTree = "<group>";
		};
/* End PBXVariantGroup section */

/* Begin XCBuildConfiguration section */
		2E3B25A618EB0F780090336C /* Debug */ = {
			isa = XCBuildConfiguration;
			buildSettings = {
				ALWAYS_SEARCH_USER_PATHS = NO;
				CLANG_CXX_LANGUAGE_STANDARD = "gnu++0x";
				CLANG_CXX_LIBRARY = "libc++";
				CLANG_ENABLE_MODULES = YES;
				CLANG_ENABLE_OBJC_ARC = YES;
				CLANG_WARN_BOOL_CONVERSION = YES;
				CLANG_WARN_CONSTANT_CONVERSION = YES;
				CLANG_WARN_DIRECT_OBJC_ISA_USAGE = YES_ERROR;
				CLANG_WARN_EMPTY_BODY = YES;
				CLANG_WARN_ENUM_CONVERSION = YES;
				CLANG_WARN_INT_CONVERSION = YES;
				CLANG_WARN_OBJC_ROOT_CLASS = YES_ERROR;
				CLANG_WARN__DUPLICATE_METHOD_MATCH = YES;
				"CODE_SIGN_IDENTITY[sdk=iphoneos*]" = "iPhone Developer";
				COPY_PHASE_STRIP = NO;
				GCC_C_LANGUAGE_STANDARD = gnu99;
				GCC_DYNAMIC_NO_PIC = NO;
				GCC_OPTIMIZATION_LEVEL = 0;
				GCC_PREPROCESSOR_DEFINITIONS = (
					"DEBUG=1",
					"$(inherited)",
				);
				GCC_SYMBOLS_PRIVATE_EXTERN = NO;
				GCC_WARN_64_TO_32_BIT_CONVERSION = YES;
				GCC_WARN_ABOUT_RETURN_TYPE = YES_ERROR;
				GCC_WARN_UNDECLARED_SELECTOR = YES;
				GCC_WARN_UNINITIALIZED_AUTOS = YES;
				GCC_WARN_UNUSED_FUNCTION = YES;
				GCC_WARN_UNUSED_VARIABLE = YES;
				IPHONEOS_DEPLOYMENT_TARGET = 7.0;
				ONLY_ACTIVE_ARCH = YES;
				SDKROOT = iphoneos;
			};
			name = Debug;
		};
		2E3B25A718EB0F780090336C /* Release */ = {
			isa = XCBuildConfiguration;
			buildSettings = {
				ALWAYS_SEARCH_USER_PATHS = NO;
				CLANG_CXX_LANGUAGE_STANDARD = "gnu++0x";
				CLANG_CXX_LIBRARY = "libc++";
				CLANG_ENABLE_MODULES = YES;
				CLANG_ENABLE_OBJC_ARC = YES;
				CLANG_WARN_BOOL_CONVERSION = YES;
				CLANG_WARN_CONSTANT_CONVERSION = YES;
				CLANG_WARN_DIRECT_OBJC_ISA_USAGE = YES_ERROR;
				CLANG_WARN_EMPTY_BODY = YES;
				CLANG_WARN_ENUM_CONVERSION = YES;
				CLANG_WARN_INT_CONVERSION = YES;
				CLANG_WARN_OBJC_ROOT_CLASS = YES_ERROR;
				CLANG_WARN__DUPLICATE_METHOD_MATCH = YES;
				"CODE_SIGN_IDENTITY[sdk=iphoneos*]" = "iPhone Developer";
				COPY_PHASE_STRIP = YES;
				ENABLE_NS_ASSERTIONS = NO;
				GCC_C_LANGUAGE_STANDARD = gnu99;
				GCC_WARN_64_TO_32_BIT_CONVERSION = YES;
				GCC_WARN_ABOUT_RETURN_TYPE = YES_ERROR;
				GCC_WARN_UNDECLARED_SELECTOR = YES;
				GCC_WARN_UNINITIALIZED_AUTOS = YES;
				GCC_WARN_UNUSED_FUNCTION = YES;
				GCC_WARN_UNUSED_VARIABLE = YES;
				IPHONEOS_DEPLOYMENT_TARGET = 7.0;
				SDKROOT = iphoneos;
				VALIDATE_PRODUCT = YES;
			};
			name = Release;
		};
		2E3B25A918EB0F780090336C /* Debug */ = {
			isa = XCBuildConfiguration;
			baseConfigurationReference = 0073ECE0EDAC4C3C8FB7BE0B /* Pods.xcconfig */;
			buildSettings = {
				ASSETCATALOG_COMPILER_APPICON_NAME = AppIcon;
				ASSETCATALOG_COMPILER_LAUNCHIMAGE_NAME = LaunchImage;
				GCC_PRECOMPILE_PREFIX_HEADER = YES;
				GCC_PREFIX_HEADER = "ShortPath/ShortPath-Prefix.pch";
				INFOPLIST_FILE = "ShortPath/ShortPath-Info.plist";
				PRODUCT_NAME = "$(TARGET_NAME)";
				WRAPPER_EXTENSION = app;
			};
			name = Debug;
		};
		2E3B25AA18EB0F780090336C /* Release */ = {
			isa = XCBuildConfiguration;
			baseConfigurationReference = 0073ECE0EDAC4C3C8FB7BE0B /* Pods.xcconfig */;
			buildSettings = {
				ASSETCATALOG_COMPILER_APPICON_NAME = AppIcon;
				ASSETCATALOG_COMPILER_LAUNCHIMAGE_NAME = LaunchImage;
				GCC_PRECOMPILE_PREFIX_HEADER = YES;
				GCC_PREFIX_HEADER = "ShortPath/ShortPath-Prefix.pch";
				INFOPLIST_FILE = "ShortPath/ShortPath-Info.plist";
				PRODUCT_NAME = "$(TARGET_NAME)";
				WRAPPER_EXTENSION = app;
			};
			name = Release;
		};
		2E3B25AC18EB0F780090336C /* Debug */ = {
			isa = XCBuildConfiguration;
			buildSettings = {
				BUNDLE_LOADER = "$(BUILT_PRODUCTS_DIR)/ShortPath.app/ShortPath";
				FRAMEWORK_SEARCH_PATHS = (
					"$(SDKROOT)/Developer/Library/Frameworks",
					"$(inherited)",
					"$(DEVELOPER_FRAMEWORKS_DIR)",
				);
				GCC_PRECOMPILE_PREFIX_HEADER = YES;
				GCC_PREFIX_HEADER = "ShortPath/ShortPath-Prefix.pch";
				GCC_PREPROCESSOR_DEFINITIONS = (
					"DEBUG=1",
					"$(inherited)",
				);
				INFOPLIST_FILE = "ShortPathTests/ShortPathTests-Info.plist";
				PRODUCT_NAME = "$(TARGET_NAME)";
				TEST_HOST = "$(BUNDLE_LOADER)";
				WRAPPER_EXTENSION = xctest;
			};
			name = Debug;
		};
		2E3B25AD18EB0F780090336C /* Release */ = {
			isa = XCBuildConfiguration;
			buildSettings = {
				BUNDLE_LOADER = "$(BUILT_PRODUCTS_DIR)/ShortPath.app/ShortPath";
				FRAMEWORK_SEARCH_PATHS = (
					"$(SDKROOT)/Developer/Library/Frameworks",
					"$(inherited)",
					"$(DEVELOPER_FRAMEWORKS_DIR)",
				);
				GCC_PRECOMPILE_PREFIX_HEADER = YES;
				GCC_PREFIX_HEADER = "ShortPath/ShortPath-Prefix.pch";
				INFOPLIST_FILE = "ShortPathTests/ShortPathTests-Info.plist";
				PRODUCT_NAME = "$(TARGET_NAME)";
				TEST_HOST = "$(BUNDLE_LOADER)";
				WRAPPER_EXTENSION = xctest;
			};
			name = Release;
		};
/* End XCBuildConfiguration section */

/* Begin XCConfigurationList section */
		2E3B257118EB0F780090336C /* Build configuration list for PBXProject "ShortPath" */ = {
			isa = XCConfigurationList;
			buildConfigurations = (
				2E3B25A618EB0F780090336C /* Debug */,
				2E3B25A718EB0F780090336C /* Release */,
			);
			defaultConfigurationIsVisible = 0;
			defaultConfigurationName = Release;
		};
		2E3B25A818EB0F780090336C /* Build configuration list for PBXNativeTarget "ShortPath" */ = {
			isa = XCConfigurationList;
			buildConfigurations = (
				2E3B25A918EB0F780090336C /* Debug */,
				2E3B25AA18EB0F780090336C /* Release */,
			);
			defaultConfigurationIsVisible = 0;
			defaultConfigurationName = Release;
		};
		2E3B25AB18EB0F780090336C /* Build configuration list for PBXNativeTarget "ShortPathTests" */ = {
			isa = XCConfigurationList;
			buildConfigurations = (
				2E3B25AC18EB0F780090336C /* Debug */,
				2E3B25AD18EB0F780090336C /* Release */,
			);
			defaultConfigurationIsVisible = 0;
			defaultConfigurationName = Release;
		};
/* End XCConfigurationList section */

/* Begin XCVersionGroup section */
		05EA535118F44BE300948310 /* ShortPath.xcdatamodeld */ = {
			isa = XCVersionGroup;
			children = (
				05EA535218F44BE300948310 /* ShortPath.xcdatamodel */,
			);
			currentVersion = 05EA535218F44BE300948310 /* ShortPath.xcdatamodel */;
			name = ShortPath.xcdatamodeld;
			path = ShortPath/ShortPath.xcdatamodeld;
			sourceTree = "<group>";
			versionGroupType = wrapper.xcdatamodel;
		};
/* End XCVersionGroup section */
	};
	rootObject = 2E3B256E18EB0F780090336C /* Project object */;
}
